# THIS IS AN AUTOGENERATED FILE. DO NOT EDIT THIS FILE DIRECTLY.
# yarn lockfile v1


immer@^10.1.1:
  version "10.1.1"
  resolved "https://registry.yarnpkg.com/immer/-/immer-10.1.1.tgz#206f344ea372d8ea176891545ee53ccc062db7bc"
  integrity sha512-s2MPrmjovJcoMaHtx6K11Ra7oD05NT97w1IC5zpMkT6Atjr7H8LjaDd81iIxUYpMKSRRNMJE703M1Fhr/TctHw==

use-sync-external-store@1.2.0:
  version "1.2.0"
  resolved "https://registry.yarnpkg.com/use-sync-external-store/-/use-sync-external-store-1.2.0.tgz#7dbefd6ef3fe4e767a0cf5d7287aacfb5846928a"
  integrity sha512-eEgnFxGQ1Ife9bzYs6VLi8/4X6CObHMw9Qr9tPY43iKwsPw8xE8+EFsf/2cFZ5S3esXgpWgtSCtLNS41F+sKPA==

zustand@^4.5.4:
  version "4.5.4"
  resolved "https://registry.yarnpkg.com/zustand/-/zustand-4.5.4.tgz#63abdd81edfb190bc61e0bbae045cc4d52158a05"
  integrity sha512-/BPMyLKJPtFEvVL0E9E9BTUM63MNyhPGlvxk1XjrfWTUlV+BR8jufjsovHzrtR6YNcBEcL7cMHovL1n9xHawEg==
  dependencies:
    use-sync-external-store "1.2.0"
